PODS:
  - boost (1.76.0)
  - DoubleConversion (1.1.6)
  - FBLazyVector (0.71.5)
  - FBReactNativeSpec (0.71.5):
    - RCT-Folly (= 2021.07.22.00)
    - RCTRequired (= 0.71.5)
    - RCTTypeSafety (= 0.71.5)
    - React-Core (= 0.71.5)
    - React-jsi (= 0.71.5)
    - ReactCommon/turbomodule/core (= 0.71.5)
  - fmt (6.2.1)
  - glog (0.3.5)
  - libwebp (1.3.2):
    - libwebp/demux (= 1.3.2)
    - libwebp/mux (= 1.3.2)
    - libwebp/sharpyuv (= 1.3.2)
    - libwebp/webp (= 1.3.2)
  - libwebp/demux (1.3.2):
    - libwebp/webp
  - libwebp/mux (1.3.2):
    - libwebp/demux
  - libwebp/sharpyuv (1.3.2)
  - libwebp/webp (1.3.2):
    - libwebp/sharpyuv
  - RCT-Folly (2021.07.22.00):
    - boost
    - DoubleConversion
    - fmt (~> 6.2.1)
    - glog
    - RCT-Folly/Default (= 2021.07.22.00)
  - RCT-Folly/Default (2021.07.22.00):
    - boost
    - DoubleConversion
    - fmt (~> 6.2.1)
    - glog
  - RCTRequired (0.71.5)
  - RCTTypeSafety (0.71.5):
    - FBLazyVector (= 0.71.5)
    - RCTRequired (= 0.71.5)
    - React-Core (= 0.71.5)
  - React (0.71.5):
    - React-Core (= 0.71.5)
    - React-Core/DevSupport (= 0.71.5)
    - React-Core/RCTWebSocket (= 0.71.5)
    - React-RCTActionSheet (= 0.71.5)
    - React-RCTAnimation (= 0.71.5)
    - React-RCTBlob (= 0.71.5)
    - React-RCTImage (= 0.71.5)
    - React-RCTLinking (= 0.71.5)
    - React-RCTNetwork (= 0.71.5)
    - React-RCTSettings (= 0.71.5)
    - React-RCTText (= 0.71.5)
    - React-RCTVibration (= 0.71.5)
  - React-callinvoker (0.71.5)
  - React-Codegen (0.71.5):
    - FBReactNativeSpec
    - RCT-Folly
    - RCTRequired
    - RCTTypeSafety
    - React-Core
    - React-jsc
    - React-jsi
    - React-jsiexecutor
    - ReactCommon/turbomodule/bridging
    - ReactCommon/turbomodule/core
  - React-Core (0.71.5):
    - glog
    - RCT-Folly (= 2021.07.22.00)
    - React-Core/Default (= 0.71.5)
    - React-cxxreact (= 0.71.5)
    - React-jsc
    - React-jsi (= 0.71.5)
    - React-jsiexecutor (= 0.71.5)
    - React-perflogger (= 0.71.5)
    - Yoga
  - React-Core/CoreModulesHeaders (0.71.5):
    - glog
    - RCT-Folly (= 2021.07.22.00)
    - React-Core/Default
    - React-cxxreact (= 0.71.5)
    - React-jsc
    - React-jsi (= 0.71.5)
    - React-jsiexecutor (= 0.71.5)
    - React-perflogger (= 0.71.5)
    - Yoga
  - React-Core/Default (0.71.5):
    - glog
    - RCT-Folly (= 2021.07.22.00)
    - React-cxxreact (= 0.71.5)
    - React-jsc
    - React-jsi (= 0.71.5)
    - React-jsiexecutor (= 0.71.5)
    - React-perflogger (= 0.71.5)
    - Yoga
  - React-Core/DevSupport (0.71.5):
    - glog
    - RCT-Folly (= 2021.07.22.00)
    - React-Core/Default (= 0.71.5)
    - React-Core/RCTWebSocket (= 0.71.5)
    - React-cxxreact (= 0.71.5)
    - React-jsc
    - React-jsi (= 0.71.5)
    - React-jsiexecutor (= 0.71.5)
    - React-jsinspector (= 0.71.5)
    - React-perflogger (= 0.71.5)
    - Yoga
  - React-Core/RCTActionSheetHeaders (0.71.5):
    - glog
    - RCT-Folly (= 2021.07.22.00)
    - React-Core/Default
    - React-cxxreact (= 0.71.5)
    - React-jsc
    - React-jsi (= 0.71.5)
    - React-jsiexecutor (= 0.71.5)
    - React-perflogger (= 0.71.5)
    - Yoga
  - React-Core/RCTAnimationHeaders (0.71.5):
    - glog
    - RCT-Folly (= 2021.07.22.00)
    - React-Core/Default
    - React-cxxreact (= 0.71.5)
    - React-jsc
    - React-jsi (= 0.71.5)
    - React-jsiexecutor (= 0.71.5)
    - React-perflogger (= 0.71.5)
    - Yoga
  - React-Core/RCTBlobHeaders (0.71.5):
    - glog
    - RCT-Folly (= 2021.07.22.00)
    - React-Core/Default
    - React-cxxreact (= 0.71.5)
    - React-jsc
    - React-jsi (= 0.71.5)
    - React-jsiexecutor (= 0.71.5)
    - React-perflogger (= 0.71.5)
    - Yoga
  - React-Core/RCTImageHeaders (0.71.5):
    - glog
    - RCT-Folly (= 2021.07.22.00)
    - React-Core/Default
    - React-cxxreact (= 0.71.5)
    - React-jsc
    - React-jsi (= 0.71.5)
    - React-jsiexecutor (= 0.71.5)
    - React-perflogger (= 0.71.5)
    - Yoga
  - React-Core/RCTLinkingHeaders (0.71.5):
    - glog
    - RCT-Folly (= 2021.07.22.00)
    - React-Core/Default
    - React-cxxreact (= 0.71.5)
    - React-jsc
    - React-jsi (= 0.71.5)
    - React-jsiexecutor (= 0.71.5)
    - React-perflogger (= 0.71.5)
    - Yoga
  - React-Core/RCTNetworkHeaders (0.71.5):
    - glog
    - RCT-Folly (= 2021.07.22.00)
    - React-Core/Default
    - React-cxxreact (= 0.71.5)
    - React-jsc
    - React-jsi (= 0.71.5)
    - React-jsiexecutor (= 0.71.5)
    - React-perflogger (= 0.71.5)
    - Yoga
  - React-Core/RCTSettingsHeaders (0.71.5):
    - glog
    - RCT-Folly (= 2021.07.22.00)
    - React-Core/Default
    - React-cxxreact (= 0.71.5)
    - React-jsc
    - React-jsi (= 0.71.5)
    - React-jsiexecutor (= 0.71.5)
    - React-perflogger (= 0.71.5)
    - Yoga
  - React-Core/RCTTextHeaders (0.71.5):
    - glog
    - RCT-Folly (= 2021.07.22.00)
    - React-Core/Default
    - React-cxxreact (= 0.71.5)
    - React-jsc
    - React-jsi (= 0.71.5)
    - React-jsiexecutor (= 0.71.5)
    - React-perflogger (= 0.71.5)
    - Yoga
  - React-Core/RCTVibrationHeaders (0.71.5):
    - glog
    - RCT-Folly (= 2021.07.22.00)
    - React-Core/Default
    - React-cxxreact (= 0.71.5)
    - React-jsc
    - React-jsi (= 0.71.5)
    - React-jsiexecutor (= 0.71.5)
    - React-perflogger (= 0.71.5)
    - Yoga
  - React-Core/RCTWebSocket (0.71.5):
    - glog
    - RCT-Folly (= 2021.07.22.00)
    - React-Core/Default (= 0.71.5)
    - React-cxxreact (= 0.71.5)
    - React-jsc
    - React-jsi (= 0.71.5)
    - React-jsiexecutor (= 0.71.5)
    - React-perflogger (= 0.71.5)
    - Yoga
  - React-CoreModules (0.71.5):
    - RCT-Folly (= 2021.07.22.00)
    - RCTTypeSafety (= 0.71.5)
    - React-Codegen (= 0.71.5)
    - React-Core/CoreModulesHeaders (= 0.71.5)
    - React-jsi (= 0.71.5)
    - React-RCTBlob
    - React-RCTImage (= 0.71.5)
    - ReactCommon/turbomodule/core (= 0.71.5)
  - React-cxxreact (0.71.5):
    - boost (= 1.76.0)
    - DoubleConversion
    - glog
    - RCT-Folly (= 2021.07.22.00)
    - React-callinvoker (= 0.71.5)
    - React-jsi (= 0.71.5)
    - React-jsinspector (= 0.71.5)
    - React-logger (= 0.71.5)
    - React-perflogger (= 0.71.5)
    - React-runtimeexecutor (= 0.71.5)
  - React-jsc (0.71.5):
    - React-jsc/Fabric (= 0.71.5)
    - React-jsi (= 0.71.5)
  - React-jsc/Fabric (0.71.5):
    - React-jsi (= 0.71.5)
  - React-jsi (0.71.5):
    - boost (= 1.76.0)
    - DoubleConversion
    - glog
    - RCT-Folly (= 2021.07.22.00)
  - React-jsiexecutor (0.71.5):
    - DoubleConversion
    - glog
    - RCT-Folly (= 2021.07.22.00)
    - React-cxxreact (= 0.71.5)
    - React-jsi (= 0.71.5)
    - React-perflogger (= 0.71.5)
  - React-jsinspector (0.71.5)
  - React-logger (0.71.5):
    - glog
  - react-native-safe-area-context (4.7.2):
    - React-Core
  - React-perflogger (0.71.5)
  - React-RCTActionSheet (0.71.5):
    - React-Core/RCTActionSheetHeaders (= 0.71.5)
  - React-RCTAnimation (0.71.5):
    - RCT-Folly (= 2021.07.22.00)
    - RCTTypeSafety (= 0.71.5)
    - React-Codegen (= 0.71.5)
    - React-Core/RCTAnimationHeaders (= 0.71.5)
    - React-jsi (= 0.71.5)
    - ReactCommon/turbomodule/core (= 0.71.5)
  - React-RCTAppDelegate (0.71.5):
    - RCT-Folly
    - RCTRequired
    - RCTTypeSafety
    - React-Core
    - ReactCommon/turbomodule/core
  - React-RCTBlob (0.71.5):
    - RCT-Folly (= 2021.07.22.00)
    - React-Codegen (= 0.71.5)
    - React-Core/RCTBlobHeaders (= 0.71.5)
    - React-Core/RCTWebSocket (= 0.71.5)
    - React-jsi (= 0.71.5)
    - React-RCTNetwork (= 0.71.5)
    - ReactCommon/turbomodule/core (= 0.71.5)
  - React-RCTImage (0.71.5):
    - RCT-Folly (= 2021.07.22.00)
    - RCTTypeSafety (= 0.71.5)
    - React-Codegen (= 0.71.5)
    - React-Core/RCTImageHeaders (= 0.71.5)
    - React-jsi (= 0.71.5)
    - React-RCTNetwork (= 0.71.5)
    - ReactCommon/turbomodule/core (= 0.71.5)
  - React-RCTLinking (0.71.5):
    - React-Codegen (= 0.71.5)
    - React-Core/RCTLinkingHeaders (= 0.71.5)
    - React-jsi (= 0.71.5)
    - ReactCommon/turbomodule/core (= 0.71.5)
  - React-RCTNetwork (0.71.5):
    - RCT-Folly (= 2021.07.22.00)
    - RCTTypeSafety (= 0.71.5)
    - React-Codegen (= 0.71.5)
    - React-Core/RCTNetworkHeaders (= 0.71.5)
    - React-jsi (= 0.71.5)
    - ReactCommon/turbomodule/core (= 0.71.5)
  - React-RCTSettings (0.71.5):
    - RCT-Folly (= 2021.07.22.00)
    - RCTTypeSafety (= 0.71.5)
    - React-Codegen (= 0.71.5)
    - React-Core/RCTSettingsHeaders (= 0.71.5)
    - React-jsi (= 0.71.5)
    - ReactCommon/turbomodule/core (= 0.71.5)
  - React-RCTText (0.71.5):
    - React-Core/RCTTextHeaders (= 0.71.5)
  - React-RCTVibration (0.71.5):
    - RCT-Folly (= 2021.07.22.00)
    - React-Codegen (= 0.71.5)
    - React-Core/RCTVibrationHeaders (= 0.71.5)
    - React-jsi (= 0.71.5)
    - ReactCommon/turbomodule/core (= 0.71.5)
  - React-runtimeexecutor (0.71.5):
    - React-jsi (= 0.71.5)
  - ReactCommon/turbomodule/bridging (0.71.5):
    - DoubleConversion
    - glog
    - RCT-Folly (= 2021.07.22.00)
    - React-callinvoker (= 0.71.5)
    - React-Core (= 0.71.5)
    - React-cxxreact (= 0.71.5)
    - React-jsi (= 0.71.5)
    - React-logger (= 0.71.5)
    - React-perflogger (= 0.71.5)
  - ReactCommon/turbomodule/core (0.71.5):
    - DoubleConversion
    - glog
    - RCT-Folly (= 2021.07.22.00)
    - React-callinvoker (= 0.71.5)
    - React-Core (= 0.71.5)
    - React-cxxreact (= 0.71.5)
    - React-jsi (= 0.71.5)
    - React-logger (= 0.71.5)
    - React-perflogger (= 0.71.5)
  - RNCAsyncStorage (1.19.3):
    - React-Core
  - RNFastImage (8.6.3):
    - React-Core
    - SDWebImage (~> 5.11.1)
    - SDWebImageWebPCoder (~> 0.8.4)
  - RNGestureHandler (2.13.1):
    - React-Core
  - RNReanimated (2.14.4):
    - DoubleConversion
    - FBLazyVector
    - FBReactNativeSpec
    - glog
    - RCT-Folly
    - RCTRequired
    - RCTTypeSafety
    - React-callinvoker
    - React-Core
    - React-Core/DevSupport
    - React-Core/RCTWebSocket
    - React-CoreModules
    - React-cxxreact
    - React-jsi
    - React-jsiexecutor
    - React-jsinspector
    - React-RCTActionSheet
    - React-RCTAnimation
    - React-RCTBlob
    - React-RCTImage
    - React-RCTLinking
    - React-RCTNetwork
    - React-RCTSettings
    - React-RCTText
    - ReactCommon/turbomodule/core
    - Yoga
  - RNScreens (3.25.0):
    - React-Core
    - React-RCTImage
  - RNSVG (13.4.0):
    - React-Core
  - RNVectorIcons (9.2.0):
    - React-Core
  - SDWebImage (5.11.1):
    - SDWebImage/Core (= 5.11.1)
  - SDWebImage/Core (5.11.1)
  - SDWebImageWebPCoder (0.8.5):
    - libwebp (~> 1.0)
    - SDWebImage/Core (~> 5.10)
  - Yoga (1.14.0)

DEPENDENCIES:
  - boost (from `../node_modules/react-native/third-party-podspecs/boost.podspec`)
  - DoubleConversion (from `../node_modules/react-native/third-party-podspecs/DoubleConversion.podspec`)
  - FBLazyVector (from `../node_modules/react-native/Libraries/FBLazyVector`)
  - FBReactNativeSpec (from `../node_modules/react-native/React/FBReactNativeSpec`)
  - glog (from `../node_modules/react-native/third-party-podspecs/glog.podspec`)
  - RCT-Folly (from `../node_modules/react-native/third-party-podspecs/RCT-Folly.podspec`)
  - RCTRequired (from `../node_modules/react-native/Libraries/RCTRequired`)
  - RCTTypeSafety (from `../node_modules/react-native/Libraries/TypeSafety`)
  - React (from `../node_modules/react-native/`)
  - React-callinvoker (from `../node_modules/react-native/ReactCommon/callinvoker`)
  - React-Codegen (from `build/generated/ios`)
  - React-Core (from `../node_modules/react-native/`)
  - React-Core/RCTWebSocket (from `../node_modules/react-native/`)
  - React-CoreModules (from `../node_modules/react-native/React/CoreModules`)
  - React-cxxreact (from `../node_modules/react-native/ReactCommon/cxxreact`)
  - React-jsc (from `../node_modules/react-native/ReactCommon/jsc`)
  - React-jsi (from `../node_modules/react-native/ReactCommon/jsi`)
  - React-jsiexecutor (from `../node_modules/react-native/ReactCommon/jsiexecutor`)
  - React-jsinspector (from `../node_modules/react-native/ReactCommon/jsinspector`)
  - React-logger (from `../node_modules/react-native/ReactCommon/logger`)
  - react-native-safe-area-context (from `../node_modules/react-native-safe-area-context`)
  - React-perflogger (from `../node_modules/react-native/ReactCommon/reactperflogger`)
  - React-RCTActionSheet (from `../node_modules/react-native/Libraries/ActionSheetIOS`)
  - React-RCTAnimation (from `../node_modules/react-native/Libraries/NativeAnimation`)
  - React-RCTAppDelegate (from `../node_modules/react-native/Libraries/AppDelegate`)
  - React-RCTBlob (from `../node_modules/react-native/Libraries/Blob`)
  - React-RCTImage (from `../node_modules/react-native/Libraries/Image`)
  - React-RCTLinking (from `../node_modules/react-native/Libraries/LinkingIOS`)
  - React-RCTNetwork (from `../node_modules/react-native/Libraries/Network`)
  - React-RCTSettings (from `../node_modules/react-native/Libraries/Settings`)
  - React-RCTText (from `../node_modules/react-native/Libraries/Text`)
  - React-RCTVibration (from `../node_modules/react-native/Libraries/Vibration`)
  - React-runtimeexecutor (from `../node_modules/react-native/ReactCommon/runtimeexecutor`)
  - ReactCommon/turbomodule/core (from `../node_modules/react-native/ReactCommon`)
  - "RNCAsyncStorage (from `../node_modules/@react-native-async-storage/async-storage`)"
  - RNFastImage (from `../node_modules/react-native-fast-image`)
  - RNGestureHandler (from `../node_modules/react-native-gesture-handler`)
  - RNReanimated (from `../node_modules/react-native-reanimated`)
  - RNScreens (from `../node_modules/react-native-screens`)
  - RNSVG (from `../node_modules/react-native-svg`)
  - RNVectorIcons (from `../node_modules/react-native-vector-icons`)
  - Yoga (from `../node_modules/react-native/ReactCommon/yoga`)

SPEC REPOS:
  trunk:
    - fmt
    - libwebp
    - SDWebImage
    - SDWebImageWebPCoder

EXTERNAL SOURCES:
  boost:
    :podspec: "../node_modules/react-native/third-party-podspecs/boost.podspec"
  DoubleConversion:
    :podspec: "../node_modules/react-native/third-party-podspecs/DoubleConversion.podspec"
  FBLazyVector:
    :path: "../node_modules/react-native/Libraries/FBLazyVector"
  FBReactNativeSpec:
    :path: "../node_modules/react-native/React/FBReactNativeSpec"
  glog:
    :podspec: "../node_modules/react-native/third-party-podspecs/glog.podspec"
  RCT-Folly:
    :podspec: "../node_modules/react-native/third-party-podspecs/RCT-Folly.podspec"
  RCTRequired:
    :path: "../node_modules/react-native/Libraries/RCTRequired"
  RCTTypeSafety:
    :path: "../node_modules/react-native/Libraries/TypeSafety"
  React:
    :path: "../node_modules/react-native/"
  React-callinvoker:
    :path: "../node_modules/react-native/ReactCommon/callinvoker"
  React-Codegen:
    :path: build/generated/ios
  React-Core:
    :path: "../node_modules/react-native/"
  React-CoreModules:
    :path: "../node_modules/react-native/React/CoreModules"
  React-cxxreact:
    :path: "../node_modules/react-native/ReactCommon/cxxreact"
  React-jsc:
    :path: "../node_modules/react-native/ReactCommon/jsc"
  React-jsi:
    :path: "../node_modules/react-native/ReactCommon/jsi"
  React-jsiexecutor:
    :path: "../node_modules/react-native/ReactCommon/jsiexecutor"
  React-jsinspector:
    :path: "../node_modules/react-native/ReactCommon/jsinspector"
  React-logger:
    :path: "../node_modules/react-native/ReactCommon/logger"
  react-native-safe-area-context:
    :path: "../node_modules/react-native-safe-area-context"
  React-perflogger:
    :path: "../node_modules/react-native/ReactCommon/reactperflogger"
  React-RCTActionSheet:
    :path: "../node_modules/react-native/Libraries/ActionSheetIOS"
  React-RCTAnimation:
    :path: "../node_modules/react-native/Libraries/NativeAnimation"
  React-RCTAppDelegate:
    :path: "../node_modules/react-native/Libraries/AppDelegate"
  React-RCTBlob:
    :path: "../node_modules/react-native/Libraries/Blob"
  React-RCTImage:
    :path: "../node_modules/react-native/Libraries/Image"
  React-RCTLinking:
    :path: "../node_modules/react-native/Libraries/LinkingIOS"
  React-RCTNetwork:
    :path: "../node_modules/react-native/Libraries/Network"
  React-RCTSettings:
    :path: "../node_modules/react-native/Libraries/Settings"
  React-RCTText:
    :path: "../node_modules/react-native/Libraries/Text"
  React-RCTVibration:
    :path: "../node_modules/react-native/Libraries/Vibration"
  React-runtimeexecutor:
    :path: "../node_modules/react-native/ReactCommon/runtimeexecutor"
  ReactCommon:
    :path: "../node_modules/react-native/ReactCommon"
  RNCAsyncStorage:
    :path: "../node_modules/@react-native-async-storage/async-storage"
  RNFastImage:
    :path: "../node_modules/react-native-fast-image"
  RNGestureHandler:
    :path: "../node_modules/react-native-gesture-handler"
  RNReanimated:
    :path: "../node_modules/react-native-reanimated"
  RNScreens:
    :path: "../node_modules/react-native-screens"
  RNSVG:
    :path: "../node_modules/react-native-svg"
  RNVectorIcons:
    :path: "../node_modules/react-native-vector-icons"
  Yoga:
    :path: "../node_modules/react-native/ReactCommon/yoga"

SPEC CHECKSUMS:
  boost: 57d2868c099736d80fcd648bf211b4431e51a558
  DoubleConversion: 5189b271737e1565bdce30deb4a08d647e3f5f54
  FBLazyVector: f1897022b53abf1469d6ad692ee2c69f57d967f3
  FBReactNativeSpec: 627fd07f1b9d498c9fa572e76d7f1a6b1ee9a444
  fmt: ff9d55029c625d3757ed641535fd4a75fedc7ce9
  glog: 04b94705f318337d7ead9e6d17c019bd9b1f6b1b
  libwebp: 1786c9f4ff8a279e4dac1e8f385004d5fc253009
  RCT-Folly: 424b8c9a7a0b9ab2886ffe9c3b041ef628fd4fb1
  RCTRequired: bd6045fbd511da5efe6db89eecb21e4e36bd7cbf
  RCTTypeSafety: c06d9f906faa69dd1c88223204c3a24767725fd8
  React: b9ea33557ef1372af247f95d110fbdea114ed3b2
  React-callinvoker: 112f941fcb98722c72736b8e229edcb3c1d84b45
  React-Codegen: 2b31baa3a0bd3be7c7e68cb495b79032cd401d8b
  React-Core: 08af6288dab33c882cc552c58c0b98df8ab305ca
  React-CoreModules: 7dec7d883bf29bd0d753a93f37326e3031f8f546
  React-cxxreact: 176c17602533d0a6b646ae23fb70ac3e79e4f071
  React-jsc: a3d99b97ce0dcc630db523c3ff3e75dbfcec05f0
  React-jsi: 471dcce9adfa494bcdac69986473111da5abf6b4
  React-jsiexecutor: b6cae42995a67fa3858229c13c9c07b6b3d3a7a4
  React-jsinspector: 14a342151ab810862998dfc99e2720746734e9b3
  React-logger: 94ec392ae471683635e4bf874d4e82f675399d2d
  react-native-safe-area-context: 7aa8e6d9d0f3100a820efb1a98af68aa747f9284
  React-perflogger: 883a55a9a899535eaf06d0029108ef9ef22cce92
  React-RCTActionSheet: 1a3b8416688a3d291367be645022886f71d6842a
  React-RCTAnimation: e5560cb72d91ba35151d51e2eb0d467b42763f43
  React-RCTAppDelegate: e4885989ac7266839b5178fc712c7706743faba9
  React-RCTBlob: 47e115572bb2f9fe4ce892c2fc5cdfa2bfd62eb0
  React-RCTImage: 944297be6fcc0bac7cfe1afb7d2f4f346c2592cd
  React-RCTLinking: 0dd37faa7222e8f840edb83cbdd2a68f130ebdf1
  React-RCTNetwork: 481afbec12d5a60aac319593797c590464234fcd
  React-RCTSettings: f308db1e99737d776cce43732b5bd38c973cfa2c
  React-RCTText: 402f609ee727f2dbbf5af8ce1692c64d8c1c17cc
  React-RCTVibration: f0f5ad6417803de42e022d99247a6b1ddaf46c13
  React-runtimeexecutor: 511f4301d85daf85abface9afb8d2df2d49f87d3
  ReactCommon: fd73a5b921e6e14a1bab3eff481db62f8b08b96a
  RNCAsyncStorage: c913ede1fa163a71cea118ed4670bbaaa4b511bb
  RNFastImage: 5c9c9fed9c076e521b3f509fe79e790418a544e8
  RNGestureHandler: 38aa38413896620338948fbb5c90579a7b1c3fde
  RNReanimated: cc5e3aa479cb9170bcccf8204291a6950a3be128
  RNScreens: 85d3880b52d34db7b8eeebe2f1a0e807c05e69fa
  RNSVG: 07dbd870b0dcdecc99b3a202fa37c8ca163caec2
  RNVectorIcons: fcc2f6cb32f5735b586e66d14103a74ce6ad61f8
  SDWebImage: a7f831e1a65eb5e285e3fb046a23fcfbf08e696d
  SDWebImageWebPCoder: 908b83b6adda48effe7667cd2b7f78c897e5111d
  Yoga: cd7d7f509dbfac14ee7f31a6c750acb957cd5022

PODFILE CHECKSUM: d8d2e97862789ea59444841ef51b92241d546eb9

COCOAPODS: 1.12.1
